{
  "lib/chainlink": {
    "tag": {
      "name": "v2.6.0",
      "rev": "8392f18c79cdae0c2fc44ec89c5fe2b0f1484a2f"
    }
  },
  "lib/flatbytes": {
    "tag": {
      "name": "v0.0.1",
      "rev": "bb0859e85ef2213d08d6280c8af9a7da4596b30f"
    }
  },
  "lib/forge-std": {
    "tag": {
      "name": "v1.12.0",
      "rev": "7117c90c8cf6c68e5acce4f09a6b24715cea4de6"
    }
  },
  "lib/modulekit": {
    "tag": {
      "name": "v0.5.9",
      "rev": "b696ccbe1b16a55d8b1a1de192309500af0fae5e"
    }
  },
  "lib/openzeppelin-contracts": {
    "tag": {
      "name": "v5.5.0",
      "rev": "fcbae5394ae8ad52d8e580a3477db99814b9d565"
    }
  },
  "lib/openzeppelin-contracts-4": {
    "tag": {
      "name": "v4.9.6",
      "rev": "dc44c9f1a4c3b10af99492eed84f83ed244203f6"
    }
  },
  "lib/prb-math": {
    "tag": {
      "name": "v2.5.0",
      "rev": "8fc0c1a6944af02619a8c0757d480eea1d239331"
    }
  },
  "lib/smartsessions": {
    "tag": {
      "name": "v1.0.0",
      "rev": "dc20f0b90541ef93e88177690b0c882384896332"
    }
  }
}